
Microsoft Visual Studio Solution File, Format Version 12.00
Project("{FAE04EC0-301F-11D3-BF4B-00C04F79EFBC}") = "depression", "depression.csproj", "{FADF21F0-1CDA-4BA5-AD20-464AFD9C197C}"
EndProject
Global
	GlobalSection(SolutionConfigurationPlatforms) = preSolution
		Debug|Any CPU = Debug|Any CPU
		Release|Any CPU = Release|Any CPU
	EndGlobalSection
	GlobalSection(ProjectConfigurationPlatforms) = postSolution
		{FADF21F0-1CDA-4BA5-AD20-464AFD9C197C}.Debug|Any CPU.ActiveCfg = Debug|Any CPU
		{FADF21F0-1CDA-4BA5-AD20-464AFD9C197C}.Debug|Any CPU.Build.0 = Debug|Any CPU
		{FADF21F0-1CDA-4BA5-AD20-464AFD9C197C}.Release|Any CPU.ActiveCfg = Release|Any CPU
		{FADF21F0-1CDA-4BA5-AD20-464AFD9C197C}.Release|Any CPU.Build.0 = Release|Any CPU
	EndGlobalSection
EndGlobal
